// !$*UTF8*$!
{
	archiveVersion = 1;
	classes = {
	};
	objectVersion = 46;
	objects = {

/* Begin PBXBuildFile section */
		3CABDFF61D5497C100442999 /* AppDelegate.m in Sources */ = {isa = PBXBuildFile; fileRef = 3CABDFF51D5497C100442999 /* AppDelegate.m */; };
		3CABDFF91D5497C100442999 /* main.m in Sources */ = {isa = PBXBuildFile; fileRef = 3CABDFF81D5497C100442999 /* main.m */; };
		3CABDFFB1D5497C100442999 /* Assets.xcassets in Resources */ = {isa = PBXBuildFile; fileRef = 3CABDFFA1D5497C100442999 /* Assets.xcassets */; };
		3CABDFFE1D5497C200442999 /* MainMenu.xib in Resources */ = {isa = PBXBuildFile; fileRef = 3CABDFFC1D5497C200442999 /* MainMenu.xib */; };
		3CABE0071D5497EF00442999 /* Searcher.m in Sources */ = {isa = PBXBuildFile; fileRef = 3CABE0061D5497EF00442999 /* Searcher.m */; };
/* End PBXBuildFile section */

/* Begin PBXFileReference section */
		3CABDFF11D5497C100442999 /* DXUnusedImage.app */ = {isa = PBXFileReference; explicitFileType = wrapper.application; includeInIndex = 0; path = DXUnusedImage.app; sourceTree = BUILT_PRODUCTS_DIR; };
		3CABDFF41D5497C100442999 /* AppDelegate.h */ = {isa = PBXFileReference; lastKnownFileType = sourcecode.c.h; path = AppDelegate.h; sourceTree = "<group>"; };
		3CABDFF51D5497C100442999 /* AppDelegate.m */ = {isa = PBXFileReference; lastKnownFileType = sourcecode.c.objc; path = AppDelegate.m; sourceTree = "<group>"; };
		3CABDFF81D5497C100442999 /* main.m */ = {isa = PBXFileReference; lastKnownFileType = sourcecode.c.objc; path = main.m; sourceTree = "<group>"; };
		3CABDFFA1D5497C100442999 /* Assets.xcassets */ = {isa = PBXFileReference; lastKnownFileType = folder.assetcatalog; path = Assets.xcassets; sourceTree = "<group>"; };
		3CABDFFD1D5497C200442999 /* Base */ = {isa = PBXFileReference; lastKnownFileType = file.xib; name = Base; path = Base.lproj/MainMenu.xib; sourceTree = "<group>"; };
		3CABDFFF1D5497C200442999 /* Info.plist */ = {isa = PBXFileReference; lastKnownFileType = text.plist.xml; path = Info.plist; sourceTree = "<group>"; };
		3CABE0051D5497EF00442999 /* Searcher.h */ = {isa = PBXFileReference; fileEncoding = 4; lastKnownFileType = sourcecode.c.h; path = Searcher.h; sourceTree = "<group>"; };
		3CABE0061D5497EF00442999 /* Searcher.m */ = {isa = PBXFileReference; fileEncoding = 4; lastKnownFileType = sourcecode.c.objc; path = Searcher.m; sourceTree = "<group>"; };
/* End PBXFileReference section */

/* Begin PBXFrameworksBuildPhase section */
		3CABDFEE1D5497C100442999 /* Frameworks */ = {
			isa = PBXFrameworksBuildPhase;
			buildActionMask = 2147483647;
			files = (
			);
			runOnlyForDeploymentPostprocessing = 0;
		};
/* End PBXFrameworksBuildPhase section */

/* Begin PBXGroup section */
		3CABDFE81D5497C100442999 = {
			isa = PBXGroup;
			children = (
				3CABDFF31D5497C100442999 /* DXUnusedImage */,
				3CABDFF21D5497C100442999 /* Products */,
			);
			sourceTree = "<group>";
		};
		3CABDFF21D5497C100442999 /* Products */ = {
			isa = PBXGroup;
			children = (
				3CABDFF11D5497C100442999 /* DXUnusedImage.app */,
			);
			name = Products;
			sourceTree = "<group>";
		};
		3CABDFF31D5497C100442999 /* DXUnusedImage */ = {
			isa = PBXGroup;
			children = (
				3CABDFF41D5497C100442999 /* AppDelegate.h */,
				3CABDFF51D5497C100442999 /* AppDelegate.m */,
				3CABE0051D5497EF00442999 /* Searcher.h */,
				3CABE0061D5497EF00442999 /* Searcher.m */,
				3CABDFFA1D5497C100442999 /* Assets.xcassets */,
				3CABDFFC1D5497C200442999 /* MainMenu.xib */,
				3CABDFFF1D5497C200442999 /* Info.plist */,
				3CABDFF71D5497C100442999 /* Supporting Files */,
			);
			path = DXUnusedImage;
			sourceTree = "<group>";
		};
		3CABDFF71D5497C100442999 /* Supporting Files */ = {
			isa = PBXGroup;
			children = (
				3CABDFF81D5497C100442999 /* main.m */,
			);
			name = "Supporting Files";
			sourceTree = "<group>";
		};
/* End PBXGroup section */

/* Begin PBXNativeTarget section */
		3CABDFF01D5497C100442999 /* DXUnusedImage */ = {
			isa = PBXNativeTarget;
			buildConfigurationList = 3CABE0021D5497C200442999 /* Build configuration list for PBXNativeTarget "DXUnusedImage" */;
			buildPhases = (
				3CABDFED1D5497C100442999 /* Sources */,
				3CABDFEE1D5497C100442999 /* Frameworks */,
				3CABDFEF1D5497C100442999 /* Resources */,
			);
			buildRules = (
			);
			dependencies = (
			);
			name = DXUnusedImage;
			productName = DXUnusedImage;
			productReference = 3CABDFF11D5497C100442999 /* DXUnusedImage.app */;
			productType = "com.apple.product-type.application";
		};
/* End PBXNativeTarget section */

/* Begin PBXProject section */
		3CABDFE91D5497C100442999 /* Project object */ = {
			isa = PBXProject;
			attributes = {
				LastUpgradeCheck = 0730;
				ORGANIZATIONNAME = Delson;
				TargetAttributes = {
					3CABDFF01D5497C100442999 = {
						CreatedOnToolsVersion = 7.3;
					};
				};
			};
			buildConfigurationList = 3CABDFEC1D5497C100442999 /* Build configuration list for PBXProject "DXUnusedImage" */;
			compatibilityVersion = "Xcode 3.2";
			developmentRegion = English;
			hasScannedForEncodings = 0;
			knownRegions = (
				en,
				Base,
			);
			mainGroup = 3CABDFE81D5497C100442999;
			productRefGroup = 3CABDFF21D5497C100442999 /* Products */;
			projectDirPath = "";
			projectRoot = "";
			targets = (
				3CABDFF01D5497C100442999 /* DXUnusedImage */,
			);
		};
/* End PBXProject section */

/* Begin PBXResourcesBuildPhase section */
		3CABDFEF1D5497C100442999 /* Resources */ = {
			isa = PBXResourcesBuildPhase;
			buildActionMask = 2147483647;
			files = (
				3CABDFFB1D5497C100442999 /* Assets.xcassets in Resources */,
				3CABDFFE1D5497C200442999 /* MainMenu.xib in Resources */,
			);
			runOnlyForDeploymentPostprocessing = 0;
		};
/* End PBXResourcesBuildPhase section */

/* Begin PBXSourcesBuildPhase section */
		3CABDFED1D5497C100442999 /* Sources */ = {
			isa = PBXSourcesBuildPhase;
			buildActionMask = 2147483647;
			files = (
				3CABDFF91D5497C100442999 /* main.m in Sources */,
				3CABDFF61D5497C100442999 /* AppDelegate.m in Sources */,
				3CABE0071D5497EF00442999 /* Searcher.m in Sources */,
			);
			runOnlyForDeploymentPostprocessing = 0;
		};
/* End PBXSourcesBuildPhase section */

/* Begin PBXVariantGroup section */
		3CABDFFC1D5497C200442999 /* MainMenu.xib */ = {
			isa = PBXVariantGroup;
			children = (
				3CABDFFD1D5497C200442999 /* Base */,
			);
			name = MainMenu.xib;
			sourceTree = "<group>";
		};
/* End PBXVariantGroup section */

/* Begin XCBuildConfiguration section */
		3CABE0001D5497C200442999 /* Debug */ = {
			isa = XCBuildConfiguration;
			buildSettings = {
				ALWAYS_SEARCH_USER_PATHS = NO;
				CLANG_ANALYZER_NONNULL = YES;
				CLANG_CXX_LANGUAGE_STANDARD = "gnu++0x";
				CLANG_CXX_LIBRARY = "libc++";
				CLANG_ENABLE_MODULES = YES;
				CLANG_ENABLE_OBJC_ARC = YES;
				CLANG_WARN_BOOL_CONVERSION = YES;
				CLANG_WARN_CONSTANT_CONVERSION = YES;
				CLANG_WARN_DIRECT_OBJC_ISA_USAGE = YES_ERROR;
				CLANG_WARN_EMPTY_BODY = YES;
				CLANG_WARN_ENUM_CONVERSION = YES;
				CLANG_WARN_INT_CONVERSION = YES;
				CLANG_WARN_OBJC_ROOT_CLASS = YES_ERROR;
				CLANG_WARN_UNREACHABLE_CODE = YES;
				CLANG_WARN__DUPLICATE_METHOD_MATCH = YES;
				CODE_SIGN_IDENTITY = "-";
				COPY_PHASE_STRIP = NO;
				DEBUG_INFORMATION_FORMAT = dwarf;
				ENABLE_STRICT_OBJC_MSGSEND = YES;
				ENABLE_TESTABILITY = YES;
				GCC_C_LANGUAGE_STANDARD = gnu99;
				GCC_DYNAMIC_NO_PIC = NO;
				GCC_NO_COMMON_BLOCKS = YES;
				GCC_OPTIMIZATION_LEVEL = 0;
				GCC_PREPROCESSOR_DEFINITIONS = (
					"DEBUG=1",
					"$(inherited)",
				);
				GCC_WARN_64_TO_32_BIT_CONVERSION = YES;
				GCC_WARN_ABOUT_RETURN_TYPE = YES_ERROR;
				GCC_WARN_UNDECLARED_SELECTOR = YES;
				GCC_WARN_UNINITIALIZED_AUTOS = YES_AGGRESSIVE;
				GCC_WARN_UNUSED_FUNCTION = YES;
				GCC_WARN_UNUSED_VARIABLE = YES;
				MACOSX_DEPLOYMENT_TARGET = 10.11;
				MTL_ENABLE_DEBUG_INFO = YES;
				ONLY_ACTIVE_ARCH = YES;
				SDKROOT = macosx;
			};
			name = Debug;
		};
		3CABE0011D5497C200442999 /* Release */ = {
			isa = XCBuildConfiguration;
			buildSettings = {
				ALWAYS_SEARCH_USER_PATHS = NO;
				CLANG_ANALYZER_NONNULL = YES;
				CLANG_CXX_LANGUAGE_STANDARD = "gnu++0x";
				CLANG_CXX_LIBRARY = "libc++";
				CLANG_ENABLE_MODULES = YES;
				CLANG_ENABLE_OBJC_ARC = YES;
				CLANG_WARN_BOOL_CONVERSION = YES;
				CLANG_WARN_CONSTANT_CONVERSION = YES;
				CLANG_WARN_DIRECT_OBJC_ISA_USAGE = YES_ERROR;
				CLANG_WARN_EMPTY_BODY = YES;
				CLANG_WARN_ENUM_CONVERSION = YES;
				CLANG_WARN_INT_CONVERSION = YES;
				CLANG_WARN_OBJC_ROOT_CLASS = YES_ERROR;
				CLANG_WARN_UNREACHABLE_CODE = YES;
				CLANG_WARN__DUPLICATE_METHOD_MATCH = YES;
				CODE_SIGN_IDENTITY = "-";
				COPY_PHASE_STRIP = NO;
				DEBUG_INFORMATION_FORMAT = "dwarf-with-dsym";
				ENABLE_NS_ASSERTIONS = NO;
				ENABLE_STRICT_OBJC_MSGSEND = YES;
				GCC_C_LANGUAGE_STANDARD = gnu99;
				GCC_NO_COMMON_BLOCKS = YES;
				GCC_WARN_64_TO_32_BIT_CONVERSION = YES;
				GCC_WARN_ABOUT_RETURN_TYPE = YES_ERROR;
				GCC_WARN_UNDECLARED_SELECTOR = YES;
				GCC_WARN_UNINITIALIZED_AUTOS = YES_AGGRESSIVE;
				GCC_WARN_UNUSED_FUNCTION = YES;
				GCC_WARN_UNUSED_VARIABLE = YES;
				MACOSX_DEPLOYMENT_TARGET = 10.11;
				MTL_ENABLE_DEBUG_INFO = NO;
				SDKROOT = macosx;
			};
			name = Release;
		};
		3CABE0031D5497C200442999 /* Debug */ = {
			isa = XCBuildConfiguration;
			buildSettings = {
				ASSETCATALOG_COMPILER_APPICON_NAME = AppIcon;
				COMBINE_HIDPI_IMAGES = YES;
				INFOPLIST_FILE = DXUnusedImage/Info.plist;
				LD_RUNPATH_SEARCH_PATHS = "$(inherited) @executable_path/../Frameworks";
				PRODUCT_BUNDLE_IDENTIFIER = DX.DXUnusedImage;
				PRODUCT_NAME = "$(TARGET_NAME)";
			};
			name = Debug;
		};
		3CABE0041D5497C200442999 /* Release */ = {
			isa = XCBuildConfiguration;
			buildSettings = {
				ASSETCATALOG_COMPILER_APPICON_NAME = AppIcon;
				COMBINE_HIDPI_IMAGES = YES;
				INFOPLIST_FILE = DXUnusedImage/Info.plist;
				LD_RUNPATH_SEARCH_PATHS = "$(inherited) @executable_path/../Frameworks";
				PRODUCT_BUNDLE_IDENTIFIER = DX.DXUnusedImage;
				PRODUCT_NAME = "$(TARGET_NAME)";
			};
			name = Release;
		};
/* End XCBuildConfiguration section */

/* Begin XCConfigurationList section */
		3CABDFEC1D5497C100442999 /* Build configuration list for PBXProject "DXUnusedImage" */ = {
			isa = XCConfigurationList;
			buildConfigurations = (
				3CABE0001D5497C200442999 /* Debug */,
				3CABE0011D5497C200442999 /* Release */,
			);
			defaultConfigurationIsVisible = 0;
			defaultConfigurationName = Release;
		};
		3CABE0021D5497C200442999 /* Build configuration list for PBXNativeTarget "DXUnusedImage" */ = {
			isa = XCConfigurationList;
			buildConfigurations = (
				3CABE0031D5497C200442999 /* Debug */,
				3CABE0041D5497C200442999 /* Release */,
			);
			defaultConfigurationIsVisible = 0;
		};
/* End XCConfigurationList section */
	};
	rootObject = 3CABDFE91D5497C100442999 /* Project object */;
}
